
Microsoft Visual Studio Solution File, Format Version 12.00
# Visual Studio Version 16
VisualStudioVersion = 16.0.29020.237
MinimumVisualStudioVersion = 10.0.40219.1
Project("{FAE04EC0-301F-11D3-BF4B-00C04F79EFBC}") = "PlanetDDS", "PlanetDDS\PlanetDDS.csproj", "{7DB75F5D-A5D5-4965-8534-05FDBF1B327B}"
EndProject
Global
	GlobalSection(SolutionConfigurationPlatforms) = preSolution
		Debug|Any CPU = Debug|Any CPU
		Release|Any CPU = Release|Any CPU
	EndGlobalSection
	GlobalSection(ProjectConfigurationPlatforms) = postSolution
		{7DB75F5D-A5D5-4965-8534-05FDBF1B327B}.Debug|Any CPU.ActiveCfg = Debug|Any CPU
		{7DB75F5D-A5D5-4965-8534-05FDBF1B327B}.Debug|Any CPU.Build.0 = Debug|Any CPU
		{7DB75F5D-A5D5-4965-8534-05FDBF1B327B}.Release|Any CPU.ActiveCfg = Release|Any CPU
		{7DB75F5D-A5D5-4965-8534-05FDBF1B327B}.Release|Any CPU.Build.0 = Release|Any CPU
	EndGlobalSection
	GlobalSection(SolutionProperties) = preSolution
		HideSolutionNode = FALSE
	EndGlobalSection
	GlobalSection(ExtensibilityGlobals) = postSolution
		SolutionGuid = {FAF2E01A-C8B6-4E7B-BCD1-60C0E8C68591}
	EndGlobalSection
EndGlobal
